{
  "name": "part1",
  "version": "1.0.0",
  "dependencies": {
    "asap": {
      "version": "2.0.5",
      "from": "asap@>=2.0.3 <2.1.0",
      "resolved": "https://registry.npmjs.org/asap/-/asap-2.0.5.tgz"
    },
    "core-js": {
      "version": "1.2.7",
      "from": "core-js@>=1.0.0 <2.0.0",
      "resolved": "https://registry.npm.taobao.org/core-js/download/core-js-1.2.7.tgz"
    },
    "encoding": {
      "version": "0.1.12",
      "from": "encoding@>=0.1.11 <0.2.0",
      "resolved": "https://registry.npmjs.org/encoding/-/encoding-0.1.12.tgz"
    },
    "events": {
      "version": "1.1.1",
      "from": "events@>=1.1.0 <2.0.0",
      "resolved": "https://registry.npmjs.org/events/-/events-1.1.1.tgz"
    },
    "fbemitter": {
      "version": "2.1.1",
      "from": "fbemitter@>=2.0.0 <3.0.0",
      "resolved": "https://registry.npm.taobao.org/fbemitter/download/fbemitter-2.1.1.tgz",
      "dependencies": {
        "fbjs": {
          "version": "0.8.6",
          "from": "fbjs@>=0.8.4 <0.9.0",
          "resolved": "https://registry.npm.taobao.org/fbjs/download/fbjs-0.8.6.tgz"
        }
      }
    },
    "fbjs": {
      "version": "0.1.0-alpha.7",
      "from": "fbjs@0.1.0-alpha.7",
      "resolved": "https://registry.npm.taobao.org/fbjs/download/fbjs-0.1.0-alpha.7.tgz",
      "dependencies": {
        "whatwg-fetch": {
          "version": "0.9.0",
          "from": "whatwg-fetch@>=0.9.0 <0.10.0",
          "resolved": "https://registry.npm.taobao.org/whatwg-fetch/download/whatwg-fetch-0.9.0.tgz"
        }
      }
    },
    "flux": {
      "version": "2.1.1",
      "from": "flux@>=2.1.1 <3.0.0",
      "resolved": "https://registry.npm.taobao.org/flux/download/flux-2.1.1.tgz"
    },
    "iconv-lite": {
      "version": "0.4.13",
      "from": "iconv-lite@>=0.4.13 <0.5.0",
      "resolved": "https://registry.npmjs.org/iconv-lite/-/iconv-lite-0.4.13.tgz"
    },
    "immutable": {
      "version": "3.8.1",
      "from": "immutable@>=3.7.4 <4.0.0",
      "resolved": "https://registry.npmjs.org/immutable/-/immutable-3.8.1.tgz"
    },
    "is-stream": {
      "version": "1.1.0",
      "from": "is-stream@>=1.0.1 <2.0.0",
      "resolved": "https://registry.npmjs.org/is-stream/-/is-stream-1.1.0.tgz"
    },
    "isomorphic-fetch": {
      "version": "2.2.1",
      "from": "isomorphic-fetch@>=2.1.1 <3.0.0",
      "resolved": "https://registry.npmjs.org/isomorphic-fetch/-/isomorphic-fetch-2.2.1.tgz"
    },
    "js-tokens": {
      "version": "2.0.0",
      "from": "js-tokens@>=2.0.0 <3.0.0",
      "resolved": "https://registry.npmjs.org/js-tokens/-/js-tokens-2.0.0.tgz"
    },
    "loose-envify": {
      "version": "1.3.0",
      "from": "loose-envify@>=1.0.0 <2.0.0",
      "resolved": "https://registry.npm.taobao.org/loose-envify/download/loose-envify-1.3.0.tgz"
    },
    "node-fetch": {
      "version": "1.6.3",
      "from": "node-fetch@>=1.0.1 <2.0.0",
      "resolved": "https://registry.npm.taobao.org/node-fetch/download/node-fetch-1.6.3.tgz"
    },
    "object-assign": {
      "version": "4.1.0",
      "from": "object-assign@>=4.1.0 <5.0.0",
      "resolved": "https://registry.npmjs.org/object-assign/-/object-assign-4.1.0.tgz"
    },
    "promise": {
      "version": "7.1.1",
      "from": "promise@>=7.1.1 <8.0.0",
      "resolved": "https://registry.npmjs.org/promise/-/promise-7.1.1.tgz"
    },
    "react": {
      "version": "15.4.0",
      "from": "react@>=15.1.0 <16.0.0",
      "resolved": "https://registry.npm.taobao.org/react/download/react-15.4.0.tgz",
      "dependencies": {
        "fbjs": {
          "version": "0.8.6",
          "from": "fbjs@>=0.8.4 <0.9.0",
          "resolved": "https://registry.npm.taobao.org/fbjs/download/fbjs-0.8.6.tgz"
        }
      }
    },
    "react-dom": {
      "version": "15.4.0",
      "from": "react-dom@>=15.1.0 <16.0.0",
      "resolved": "https://registry.npm.taobao.org/react-dom/download/react-dom-15.4.0.tgz",
      "dependencies": {
        "fbjs": {
          "version": "0.8.6",
          "from": "fbjs@>=0.8.1 <0.9.0",
          "resolved": "https://registry.npm.taobao.org/fbjs/download/fbjs-0.8.6.tgz"
        }
      }
    },
    "ua-parser-js": {
      "version": "0.7.12",
      "from": "ua-parser-js@>=0.7.9 <0.8.0",
      "resolved": "https://registry.npm.taobao.org/ua-parser-js/download/ua-parser-js-0.7.12.tgz"
    },
    "uuid": {
      "version": "2.0.3",
      "from": "uuid@>=2.0.2 <3.0.0",
      "resolved": "https://registry.npmjs.org/uuid/-/uuid-2.0.3.tgz"
    },
    "whatwg-fetch": {
      "version": "2.0.1",
      "from": "whatwg-fetch@>=0.10.0",
      "resolved": "https://registry.npm.taobao.org/whatwg-fetch/download/whatwg-fetch-2.0.1.tgz"
    }
  }
}
